
Microsoft Visual Studio Solution File, Format Version 12.00
# Visual Studio Version 17
VisualStudioVersion = 17.0.32112.339
MinimumVisualStudioVersion = 10.0.40219.1
Project("{9A19103F-16F7-4668-BE54-9A1E7A4F7556}") = "FiyiStackWeb", "FiyiStackWeb\FiyiStackWeb.csproj", "{6EEAC1D7-C1BA-4434-BBB0-C04603A91AEA}"
EndProject
Global
	GlobalSection(SolutionConfigurationPlatforms) = preSolution
		Debug|Any CPU = Debug|Any CPU
		Release|Any CPU = Release|Any CPU
	EndGlobalSection
	GlobalSection(ProjectConfigurationPlatforms) = postSolution
		{6EEAC1D7-C1BA-4434-BBB0-C04603A91AEA}.Debug|Any CPU.ActiveCfg = Debug|Any CPU
		{6EEAC1D7-C1BA-4434-BBB0-C04603A91AEA}.Debug|Any CPU.Build.0 = Debug|Any CPU
		{6EEAC1D7-C1BA-4434-BBB0-C04603A91AEA}.Release|Any CPU.ActiveCfg = Release|Any CPU
		{6EEAC1D7-C1BA-4434-BBB0-C04603A91AEA}.Release|Any CPU.Build.0 = Release|Any CPU
	EndGlobalSection
	GlobalSection(SolutionProperties) = preSolution
		HideSolutionNode = FALSE
	EndGlobalSection
	GlobalSection(ExtensibilityGlobals) = postSolution
		SolutionGuid = {624B0F53-B587-4B48-BCDB-4AA26F80B2F4}
	EndGlobalSection
EndGlobal
